// !$*UTF8*$!
{
	archiveVersion = 1;
	classes = {
	};
	objectVersion = 48;
	objects = {

/* Begin PBXBuildFile section */
		07D9545031F474BD67101CA3 /* Pods_digischool.framework in Frameworks */ = {isa = PBXBuildFile; fileRef = 4DEE89E19E0AA4B04BB4D6EE /* Pods_digischool.framework */; };
		4D45F84320167A7000CDC008 /* Debouncer.swift in Sources */ = {isa = PBXBuildFile; fileRef = 4D45F84220167A7000CDC008 /* Debouncer.swift */; };
		4D8CBED620150C190007C069 /* AppDelegate.swift in Sources */ = {isa = PBXBuildFile; fileRef = 4D8CBED520150C190007C069 /* AppDelegate.swift */; };
		4D8CBED820150C190007C069 /* ListMoviesViewController.swift in Sources */ = {isa = PBXBuildFile; fileRef = 4D8CBED720150C190007C069 /* ListMoviesViewController.swift */; };
		4D8CBEDB20150C190007C069 /* Main.storyboard in Resources */ = {isa = PBXBuildFile; fileRef = 4D8CBED920150C190007C069 /* Main.storyboard */; };
		4D8CBEDD20150C190007C069 /* Assets.xcassets in Resources */ = {isa = PBXBuildFile; fileRef = 4D8CBEDC20150C190007C069 /* Assets.xcassets */; };
		4D8CBEE020150C190007C069 /* LaunchScreen.storyboard in Resources */ = {isa = PBXBuildFile; fileRef = 4D8CBEDE20150C190007C069 /* LaunchScreen.storyboard */; };
		4D8CBEEB20150C190007C069 /* digischoolTests.swift in Sources */ = {isa = PBXBuildFile; fileRef = 4D8CBEEA20150C190007C069 /* digischoolTests.swift */; };
		4D8CBEFF20150DCA0007C069 /* MovieViewController.swift in Sources */ = {isa = PBXBuildFile; fileRef = 4D8CBEFE20150DCA0007C069 /* MovieViewController.swift */; };
		4D8CBF0220150DDD0007C069 /* MovieCell.xib in Resources */ = {isa = PBXBuildFile; fileRef = 4D8CBF0120150DDD0007C069 /* MovieCell.xib */; };
		4D8CBF0420150DEE0007C069 /* MovieCell.swift in Sources */ = {isa = PBXBuildFile; fileRef = 4D8CBF0320150DEE0007C069 /* MovieCell.swift */; };
		4D8CBF0720150E030007C069 /* ListMoviesViewModel.swift in Sources */ = {isa = PBXBuildFile; fileRef = 4D8CBF0620150E030007C069 /* ListMoviesViewModel.swift */; };
		4D8CBF0920150E130007C069 /* ListMoviesModel.swift in Sources */ = {isa = PBXBuildFile; fileRef = 4D8CBF0820150E130007C069 /* ListMoviesModel.swift */; };
		4D8CBF0C20150EDC0007C069 /* API.swift in Sources */ = {isa = PBXBuildFile; fileRef = 4D8CBF0B20150EDC0007C069 /* API.swift */; };
		4D8CBF10201511410007C069 /* APIKey.plist in Resources */ = {isa = PBXBuildFile; fileRef = 4D8CBF0F201511410007C069 /* APIKey.plist */; };
		4D8CBF182015D4420007C069 /* MovieViewModel.swift in Sources */ = {isa = PBXBuildFile; fileRef = 4D8CBF172015D4420007C069 /* MovieViewModel.swift */; };
		4D8CBF1A2015D44B0007C069 /* MovieModel.swift in Sources */ = {isa = PBXBuildFile; fileRef = 4D8CBF192015D44B0007C069 /* MovieModel.swift */; };
		4D8CBF1C201606D70007C069 /* DateExtension.swift in Sources */ = {isa = PBXBuildFile; fileRef = 4D8CBF1B201606D70007C069 /* DateExtension.swift */; };
		4D8CBF1E201614750007C069 /* RatingControl.swift in Sources */ = {isa = PBXBuildFile; fileRef = 4D8CBF1D201614750007C069 /* RatingControl.swift */; };
		5060503E7A3E9768975201A6 /* Pods_digischoolTests.framework in Frameworks */ = {isa = PBXBuildFile; fileRef = 25BB2DB59908BDB8731B1C56 /* Pods_digischoolTests.framework */; };
/* End PBXBuildFile section */

/* Begin PBXContainerItemProxy section */
		4D8CBEE720150C190007C069 /* PBXContainerItemProxy */ = {
			isa = PBXContainerItemProxy;
			containerPortal = 4D8CBECA20150C190007C069 /* Project object */;
			proxyType = 1;
			remoteGlobalIDString = 4D8CBED120150C190007C069;
			remoteInfo = digischool;
		};
/* End PBXContainerItemProxy section */

/* Begin PBXFileReference section */
		25BB2DB59908BDB8731B1C56 /* Pods_digischoolTests.framework */ = {isa = PBXFileReference; explicitFileType = wrapper.framework; includeInIndex = 0; path = Pods_digischoolTests.framework; sourceTree = BUILT_PRODUCTS_DIR; };
		3A7FAAAD50D8634E8B46F3C0 /* Pods-digischoolTests.release.xcconfig */ = {isa = PBXFileReference; includeInIndex = 1; lastKnownFileType = text.xcconfig; name = "Pods-digischoolTests.release.xcconfig"; path = "Pods/Target Support Files/Pods-digischoolTests/Pods-digischoolTests.release.xcconfig"; sourceTree = "<group>"; };
		4C789E78C4F471DD9FDB4DEA /* Pods-digischool.debug.xcconfig */ = {isa = PBXFileReference; includeInIndex = 1; lastKnownFileType = text.xcconfig; name = "Pods-digischool.debug.xcconfig"; path = "Pods/Target Support Files/Pods-digischool/Pods-digischool.debug.xcconfig"; sourceTree = "<group>"; };
		4D45F84220167A7000CDC008 /* Debouncer.swift */ = {isa = PBXFileReference; lastKnownFileType = sourcecode.swift; path = Debouncer.swift; sourceTree = "<group>"; };
		4D8CBED220150C190007C069 /* digischool.app */ = {isa = PBXFileReference; explicitFileType = wrapper.application; includeInIndex = 0; path = digischool.app; sourceTree = BUILT_PRODUCTS_DIR; };
		4D8CBED520150C190007C069 /* AppDelegate.swift */ = {isa = PBXFileReference; lastKnownFileType = sourcecode.swift; path = AppDelegate.swift; sourceTree = "<group>"; };
		4D8CBED720150C190007C069 /* ListMoviesViewController.swift */ = {isa = PBXFileReference; lastKnownFileType = sourcecode.swift; path = ListMoviesViewController.swift; sourceTree = "<group>"; };
		4D8CBEDA20150C190007C069 /* Base */ = {isa = PBXFileReference; lastKnownFileType = file.storyboard; name = Base; path = Base.lproj/Main.storyboard; sourceTree = "<group>"; };
		4D8CBEDC20150C190007C069 /* Assets.xcassets */ = {isa = PBXFileReference; lastKnownFileType = folder.assetcatalog; path = Assets.xcassets; sourceTree = "<group>"; };
		4D8CBEDF20150C190007C069 /* Base */ = {isa = PBXFileReference; lastKnownFileType = file.storyboard; name = Base; path = Base.lproj/LaunchScreen.storyboard; sourceTree = "<group>"; };
		4D8CBEE120150C190007C069 /* Info.plist */ = {isa = PBXFileReference; lastKnownFileType = text.plist.xml; path = Info.plist; sourceTree = "<group>"; };
		4D8CBEE620150C190007C069 /* digischoolTests.xctest */ = {isa = PBXFileReference; explicitFileType = wrapper.cfbundle; includeInIndex = 0; path = digischoolTests.xctest; sourceTree = BUILT_PRODUCTS_DIR; };
		4D8CBEEA20150C190007C069 /* digischoolTests.swift */ = {isa = PBXFileReference; lastKnownFileType = sourcecode.swift; path = digischoolTests.swift; sourceTree = "<group>"; };
		4D8CBEEC20150C190007C069 /* Info.plist */ = {isa = PBXFileReference; lastKnownFileType = text.plist.xml; path = Info.plist; sourceTree = "<group>"; };
		4D8CBEFE20150DCA0007C069 /* MovieViewController.swift */ = {isa = PBXFileReference; lastKnownFileType = sourcecode.swift; path = MovieViewController.swift; sourceTree = "<group>"; };
		4D8CBF0120150DDD0007C069 /* MovieCell.xib */ = {isa = PBXFileReference; lastKnownFileType = file.xib; path = MovieCell.xib; sourceTree = "<group>"; };
		4D8CBF0320150DEE0007C069 /* MovieCell.swift */ = {isa = PBXFileReference; lastKnownFileType = sourcecode.swift; path = MovieCell.swift; sourceTree = "<group>"; };
		4D8CBF0620150E030007C069 /* ListMoviesViewModel.swift */ = {isa = PBXFileReference; lastKnownFileType = sourcecode.swift; path = ListMoviesViewModel.swift; sourceTree = "<group>"; };
		4D8CBF0820150E130007C069 /* ListMoviesModel.swift */ = {isa = PBXFileReference; lastKnownFileType = sourcecode.swift; path = ListMoviesModel.swift; sourceTree = "<group>"; };
		4D8CBF0B20150EDC0007C069 /* API.swift */ = {isa = PBXFileReference; lastKnownFileType = sourcecode.swift; path = API.swift; sourceTree = "<group>"; };
		4D8CBF0F201511410007C069 /* APIKey.plist */ = {isa = PBXFileReference; fileEncoding = 4; lastKnownFileType = text.plist.xml; path = APIKey.plist; sourceTree = "<group>"; };
		4D8CBF172015D4420007C069 /* MovieViewModel.swift */ = {isa = PBXFileReference; lastKnownFileType = sourcecode.swift; path = MovieViewModel.swift; sourceTree = "<group>"; };
		4D8CBF192015D44B0007C069 /* MovieModel.swift */ = {isa = PBXFileReference; lastKnownFileType = sourcecode.swift; path = MovieModel.swift; sourceTree = "<group>"; };
		4D8CBF1B201606D70007C069 /* DateExtension.swift */ = {isa = PBXFileReference; lastKnownFileType = sourcecode.swift; path = DateExtension.swift; sourceTree = "<group>"; };
		4D8CBF1D201614750007C069 /* RatingControl.swift */ = {isa = PBXFileReference; lastKnownFileType = sourcecode.swift; path = RatingControl.swift; sourceTree = "<group>"; };
		4DEE89E19E0AA4B04BB4D6EE /* Pods_digischool.framework */ = {isa = PBXFileReference; explicitFileType = wrapper.framework; includeInIndex = 0; path = Pods_digischool.framework; sourceTree = BUILT_PRODUCTS_DIR; };
		C507E9EFFAA98FE168A2945C /* Pods-digischoolTests.debug.xcconfig */ = {isa = PBXFileReference; includeInIndex = 1; lastKnownFileType = text.xcconfig; name = "Pods-digischoolTests.debug.xcconfig"; path = "Pods/Target Support Files/Pods-digischoolTests/Pods-digischoolTests.debug.xcconfig"; sourceTree = "<group>"; };
		EB9A2A7AED9EF49310072D28 /* Pods-digischool.release.xcconfig */ = {isa = PBXFileReference; includeInIndex = 1; lastKnownFileType = text.xcconfig; name = "Pods-digischool.release.xcconfig"; path = "Pods/Target Support Files/Pods-digischool/Pods-digischool.release.xcconfig"; sourceTree = "<group>"; };
/* End PBXFileReference section */

/* Begin PBXFrameworksBuildPhase section */
		4D8CBECF20150C190007C069 /* Frameworks */ = {
			isa = PBXFrameworksBuildPhase;
			buildActionMask = 2147483647;
			files = (
				07D9545031F474BD67101CA3 /* Pods_digischool.framework in Frameworks */,
			);
			runOnlyForDeploymentPostprocessing = 0;
		};
		4D8CBEE320150C190007C069 /* Frameworks */ = {
			isa = PBXFrameworksBuildPhase;
			buildActionMask = 2147483647;
			files = (
				5060503E7A3E9768975201A6 /* Pods_digischoolTests.framework in Frameworks */,
			);
			runOnlyForDeploymentPostprocessing = 0;
		};
/* End PBXFrameworksBuildPhase section */

/* Begin PBXGroup section */
		4D8CBEC920150C190007C069 = {
			isa = PBXGroup;
			children = (
				4D8CBED420150C190007C069 /* digischool */,
				4D8CBEE920150C190007C069 /* digischoolTests */,
				4D8CBED320150C190007C069 /* Products */,
				58FEBFB2B13FEE71821AD110 /* Pods */,
				A3FD599AB8CAFC5FE112F85E /* Frameworks */,
			);
			sourceTree = "<group>";
		};
		4D8CBED320150C190007C069 /* Products */ = {
			isa = PBXGroup;
			children = (
				4D8CBED220150C190007C069 /* digischool.app */,
				4D8CBEE620150C190007C069 /* digischoolTests.xctest */,
			);
			name = Products;
			sourceTree = "<group>";
		};
		4D8CBED420150C190007C069 /* digischool */ = {
			isa = PBXGroup;
			children = (
				4D8CBED520150C190007C069 /* AppDelegate.swift */,
				4D8CBEF520150D200007C069 /* Framedation */,
				4D8CBEFB20150D550007C069 /* Storyboard */,
				4D8CBEF920150D3A0007C069 /* UI */,
				4D8CBEFA20150D4A0007C069 /* Resources */,
			);
			path = digischool;
			sourceTree = "<group>";
		};
		4D8CBEE920150C190007C069 /* digischoolTests */ = {
			isa = PBXGroup;
			children = (
				4D8CBEEA20150C190007C069 /* digischoolTests.swift */,
				4D8CBEEC20150C190007C069 /* Info.plist */,
			);
			path = digischoolTests;
			sourceTree = "<group>";
		};
		4D8CBEF520150D200007C069 /* Framedation */ = {
			isa = PBXGroup;
			children = (
				4D8CBEF720150D2E0007C069 /* Network */,
				4D8CBEF820150D360007C069 /* Util */,
			);
			path = Framedation;
			sourceTree = "<group>";
		};
		4D8CBEF720150D2E0007C069 /* Network */ = {
			isa = PBXGroup;
			children = (
				4D8CBF0F201511410007C069 /* APIKey.plist */,
				4D8CBF0B20150EDC0007C069 /* API.swift */,
			);
			path = Network;
			sourceTree = "<group>";
		};
		4D8CBEF820150D360007C069 /* Util */ = {
			isa = PBXGroup;
			children = (
				4D8CBF1B201606D70007C069 /* DateExtension.swift */,
				4D45F84220167A7000CDC008 /* Debouncer.swift */,
			);
			path = Util;
			sourceTree = "<group>";
		};
		4D8CBEF920150D3A0007C069 /* UI */ = {
			isa = PBXGroup;
			children = (
				4D8CBEFC20150D880007C069 /* ListMovies */,
				4D8CBEFD20150DB10007C069 /* DetailMovie */,
				4D8CBF0A20150E210007C069 /* Util */,
			);
			path = UI;
			sourceTree = "<group>";
		};
		4D8CBEFA20150D4A0007C069 /* Resources */ = {
			isa = PBXGroup;
			children = (
				4D8CBEE120150C190007C069 /* Info.plist */,
				4D8CBEDC20150C190007C069 /* Assets.xcassets */,
			);
			path = Resources;
			sourceTree = "<group>";
		};
		4D8CBEFB20150D550007C069 /* Storyboard */ = {
			isa = PBXGroup;
			children = (
				4D8CBEDE20150C190007C069 /* LaunchScreen.storyboard */,
				4D8CBED920150C190007C069 /* Main.storyboard */,
			);
			path = Storyboard;
			sourceTree = "<group>";
		};
		4D8CBEFC20150D880007C069 /* ListMovies */ = {
			isa = PBXGroup;
			children = (
				4D8CBED720150C190007C069 /* ListMoviesViewController.swift */,
				4D8CBF0620150E030007C069 /* ListMoviesViewModel.swift */,
				4D8CBF0820150E130007C069 /* ListMoviesModel.swift */,
				4D8CBF0020150DCD0007C069 /* Cell */,
			);
			path = ListMovies;
			sourceTree = "<group>";
		};
		4D8CBEFD20150DB10007C069 /* DetailMovie */ = {
			isa = PBXGroup;
			children = (
				4D8CBEFE20150DCA0007C069 /* MovieViewController.swift */,
				4D8CBF172015D4420007C069 /* MovieViewModel.swift */,
				4D8CBF192015D44B0007C069 /* MovieModel.swift */,
			);
			path = DetailMovie;
			sourceTree = "<group>";
		};
		4D8CBF0020150DCD0007C069 /* Cell */ = {
			isa = PBXGroup;
			children = (
				4D8CBF0120150DDD0007C069 /* MovieCell.xib */,
				4D8CBF0320150DEE0007C069 /* MovieCell.swift */,
			);
			path = Cell;
			sourceTree = "<group>";
		};
		4D8CBF0A20150E210007C069 /* Util */ = {
			isa = PBXGroup;
			children = (
				4D8CBF1D201614750007C069 /* RatingControl.swift */,
			);
			path = Util;
			sourceTree = "<group>";
		};
		58FEBFB2B13FEE71821AD110 /* Pods */ = {
			isa = PBXGroup;
			children = (
				4C789E78C4F471DD9FDB4DEA /* Pods-digischool.debug.xcconfig */,
				EB9A2A7AED9EF49310072D28 /* Pods-digischool.release.xcconfig */,
				C507E9EFFAA98FE168A2945C /* Pods-digischoolTests.debug.xcconfig */,
				3A7FAAAD50D8634E8B46F3C0 /* Pods-digischoolTests.release.xcconfig */,
			);
			name = Pods;
			sourceTree = "<group>";
		};
		A3FD599AB8CAFC5FE112F85E /* Frameworks */ = {
			isa = PBXGroup;
			children = (
				4DEE89E19E0AA4B04BB4D6EE /* Pods_digischool.framework */,
				25BB2DB59908BDB8731B1C56 /* Pods_digischoolTests.framework */,
			);
			name = Frameworks;
			sourceTree = "<group>";
		};
/* End PBXGroup section */

/* Begin PBXNativeTarget section */
		4D8CBED120150C190007C069 /* digischool */ = {
			isa = PBXNativeTarget;
			buildConfigurationList = 4D8CBEEF20150C190007C069 /* Build configuration list for PBXNativeTarget "digischool" */;
			buildPhases = (
				D2D43DEB3FAB2A00078D6E4C /* [CP] Check Pods Manifest.lock */,
				4D8CBECE20150C190007C069 /* Sources */,
				4D8CBECF20150C190007C069 /* Frameworks */,
				4D8CBED020150C190007C069 /* Resources */,
				601A7BFF648A07101EA1A7E2 /* [CP] Embed Pods Frameworks */,
				190A7CA00674EFA701528178 /* [CP] Copy Pods Resources */,
			);
			buildRules = (
			);
			dependencies = (
			);
			name = digischool;
			productName = digischool;
			productReference = 4D8CBED220150C190007C069 /* digischool.app */;
			productType = "com.apple.product-type.application";
		};
		4D8CBEE520150C190007C069 /* digischoolTests */ = {
			isa = PBXNativeTarget;
			buildConfigurationList = 4D8CBEF220150C190007C069 /* Build configuration list for PBXNativeTarget "digischoolTests" */;
			buildPhases = (
				192F2A0E50ED53AF827D021E /* [CP] Check Pods Manifest.lock */,
				4D8CBEE220150C190007C069 /* Sources */,
				4D8CBEE320150C190007C069 /* Frameworks */,
				4D8CBEE420150C190007C069 /* Resources */,
				01F68EFF26844A3348D7AEB5 /* [CP] Embed Pods Frameworks */,
				5ACDD7E19E2DDB1754EB80E2 /* [CP] Copy Pods Resources */,
			);
			buildRules = (
			);
			dependencies = (
				4D8CBEE820150C190007C069 /* PBXTargetDependency */,
			);
			name = digischoolTests;
			productName = digischoolTests;
			productReference = 4D8CBEE620150C190007C069 /* digischoolTests.xctest */;
			productType = "com.apple.product-type.bundle.unit-test";
		};
/* End PBXNativeTarget section */

/* Begin PBXProject section */
		4D8CBECA20150C190007C069 /* Project object */ = {
			isa = PBXProject;
			attributes = {
				LastSwiftUpdateCheck = 0920;
				LastUpgradeCheck = 0920;
				ORGANIZATIONNAME = "Flavien SICARD";
				TargetAttributes = {
					4D8CBED120150C190007C069 = {
						CreatedOnToolsVersion = 9.2;
						ProvisioningStyle = Automatic;
					};
					4D8CBEE520150C190007C069 = {
						CreatedOnToolsVersion = 9.2;
						ProvisioningStyle = Automatic;
						TestTargetID = 4D8CBED120150C190007C069;
					};
				};
			};
			buildConfigurationList = 4D8CBECD20150C190007C069 /* Build configuration list for PBXProject "digischool" */;
			compatibilityVersion = "Xcode 8.0";
			developmentRegion = en;
			hasScannedForEncodings = 0;
			knownRegions = (
				en,
				Base,
			);
			mainGroup = 4D8CBEC920150C190007C069;
			productRefGroup = 4D8CBED320150C190007C069 /* Products */;
			projectDirPath = "";
			projectRoot = "";
			targets = (
				4D8CBED120150C190007C069 /* digischool */,
				4D8CBEE520150C190007C069 /* digischoolTests */,
			);
		};
/* End PBXProject section */

/* Begin PBXResourcesBuildPhase section */
		4D8CBED020150C190007C069 /* Resources */ = {
			isa = PBXResourcesBuildPhase;
			buildActionMask = 2147483647;
			files = (
				4D8CBF10201511410007C069 /* APIKey.plist in Resources */,
				4D8CBEE020150C190007C069 /* LaunchScreen.storyboard in Resources */,
				4D8CBEDD20150C190007C069 /* Assets.xcassets in Resources */,
				4D8CBF0220150DDD0007C069 /* MovieCell.xib in Resources */,
				4D8CBEDB20150C190007C069 /* Main.storyboard in Resources */,
			);
			runOnlyForDeploymentPostprocessing = 0;
		};
		4D8CBEE420150C190007C069 /* Resources */ = {
			isa = PBXResourcesBuildPhase;
			buildActionMask = 2147483647;
			files = (
			);
			runOnlyForDeploymentPostprocessing = 0;
		};
/* End PBXResourcesBuildPhase section */

/* Begin PBXShellScriptBuildPhase section */
		01F68EFF26844A3348D7AEB5 /* [CP] Embed Pods Frameworks */ = {
			isa = PBXShellScriptBuildPhase;
			buildActionMask = 2147483647;
			files = (
			);
			inputPaths = (
			);
			name = "[CP] Embed Pods Frameworks";
			outputPaths = (
			);
			runOnlyForDeploymentPostprocessing = 0;
			shellPath = /bin/sh;
			shellScript = "\"${SRCROOT}/Pods/Target Support Files/Pods-digischoolTests/Pods-digischoolTests-frameworks.sh\"\n";
			showEnvVarsInLog = 0;
		};
		190A7CA00674EFA701528178 /* [CP] Copy Pods Resources */ = {
			isa = PBXShellScriptBuildPhase;
			buildActionMask = 2147483647;
			files = (
			);
			inputPaths = (
			);
			name = "[CP] Copy Pods Resources";
			outputPaths = (
			);
			runOnlyForDeploymentPostprocessing = 0;
			shellPath = /bin/sh;
			shellScript = "\"${SRCROOT}/Pods/Target Support Files/Pods-digischool/Pods-digischool-resources.sh\"\n";
			showEnvVarsInLog = 0;
		};
		192F2A0E50ED53AF827D021E /* [CP] Check Pods Manifest.lock */ = {
			isa = PBXShellScriptBuildPhase;
			buildActionMask = 2147483647;
			files = (
			);
			inputPaths = (
				"${PODS_PODFILE_DIR_PATH}/Podfile.lock",
				"${PODS_ROOT}/Manifest.lock",
			);
			name = "[CP] Check Pods Manifest.lock";
			outputPaths = (
				"$(DERIVED_FILE_DIR)/Pods-digischoolTests-checkManifestLockResult.txt",
			);
			runOnlyForDeploymentPostprocessing = 0;
			shellPath = /bin/sh;
			shellScript = "diff \"${PODS_PODFILE_DIR_PATH}/Podfile.lock\" \"${PODS_ROOT}/Manifest.lock\" > /dev/null\nif [ $? != 0 ] ; then\n    # print error to STDERR\n    echo \"error: The sandbox is not in sync with the Podfile.lock. Run 'pod install' or update your CocoaPods installation.\" >&2\n    exit 1\nfi\n# This output is used by Xcode 'outputs' to avoid re-running this script phase.\necho \"SUCCESS\" > \"${SCRIPT_OUTPUT_FILE_0}\"\n";
			showEnvVarsInLog = 0;
		};
		5ACDD7E19E2DDB1754EB80E2 /* [CP] Copy Pods Resources */ = {
			isa = PBXShellScriptBuildPhase;
			buildActionMask = 2147483647;
			files = (
			);
			inputPaths = (
			);
			name = "[CP] Copy Pods Resources";
			outputPaths = (
			);
			runOnlyForDeploymentPostprocessing = 0;
			shellPath = /bin/sh;
			shellScript = "\"${SRCROOT}/Pods/Target Support Files/Pods-digischoolTests/Pods-digischoolTests-resources.sh\"\n";
			showEnvVarsInLog = 0;
		};
		601A7BFF648A07101EA1A7E2 /* [CP] Embed Pods Frameworks */ = {
			isa = PBXShellScriptBuildPhase;
			buildActionMask = 2147483647;
			files = (
			);
			inputPaths = (
				"${SRCROOT}/Pods/Target Support Files/Pods-digischool/Pods-digischool-frameworks.sh",
				"${BUILT_PRODUCTS_DIR}/Alamofire/Alamofire.framework",
				"${BUILT_PRODUCTS_DIR}/AlamofireImage/AlamofireImage.framework",
				"${BUILT_PRODUCTS_DIR}/SwiftyJSON/SwiftyJSON.framework",
			);
			name = "[CP] Embed Pods Frameworks";
			outputPaths = (
				"${TARGET_BUILD_DIR}/${FRAMEWORKS_FOLDER_PATH}/Alamofire.framework",
				"${TARGET_BUILD_DIR}/${FRAMEWORKS_FOLDER_PATH}/AlamofireImage.framework",
				"${TARGET_BUILD_DIR}/${FRAMEWORKS_FOLDER_PATH}/SwiftyJSON.framework",
			);
			runOnlyForDeploymentPostprocessing = 0;
			shellPath = /bin/sh;
			shellScript = "\"${SRCROOT}/Pods/Target Support Files/Pods-digischool/Pods-digischool-frameworks.sh\"\n";
			showEnvVarsInLog = 0;
		};
		D2D43DEB3FAB2A00078D6E4C /* [CP] Check Pods Manifest.lock */ = {
			isa = PBXShellScriptBuildPhase;
			buildActionMask = 2147483647;
			files = (
			);
			inputPaths = (
				"${PODS_PODFILE_DIR_PATH}/Podfile.lock",
				"${PODS_ROOT}/Manifest.lock",
			);
			name = "[CP] Check Pods Manifest.lock";
			outputPaths = (
				"$(DERIVED_FILE_DIR)/Pods-digischool-checkManifestLockResult.txt",
			);
			runOnlyForDeploymentPostprocessing = 0;
			shellPath = /bin/sh;
			shellScript = "diff \"${PODS_PODFILE_DIR_PATH}/Podfile.lock\" \"${PODS_ROOT}/Manifest.lock\" > /dev/null\nif [ $? != 0 ] ; then\n    # print error to STDERR\n    echo \"error: The sandbox is not in sync with the Podfile.lock. Run 'pod install' or update your CocoaPods installation.\" >&2\n    exit 1\nfi\n# This output is used by Xcode 'outputs' to avoid re-running this script phase.\necho \"SUCCESS\" > \"${SCRIPT_OUTPUT_FILE_0}\"\n";
			showEnvVarsInLog = 0;
		};
/* End PBXShellScriptBuildPhase section */

/* Begin PBXSourcesBuildPhase section */
		4D8CBECE20150C190007C069 /* Sources */ = {
			isa = PBXSourcesBuildPhase;
			buildActionMask = 2147483647;
			files = (
				4D8CBF1A2015D44B0007C069 /* MovieModel.swift in Sources */,
				4D8CBF1E201614750007C069 /* RatingControl.swift in Sources */,
				4D8CBF1C201606D70007C069 /* DateExtension.swift in Sources */,
				4D8CBED820150C190007C069 /* ListMoviesViewController.swift in Sources */,
				4D8CBF0720150E030007C069 /* ListMoviesViewModel.swift in Sources */,
				4D45F84320167A7000CDC008 /* Debouncer.swift in Sources */,
				4D8CBF0920150E130007C069 /* ListMoviesModel.swift in Sources */,
				4D8CBF182015D4420007C069 /* MovieViewModel.swift in Sources */,
				4D8CBEFF20150DCA0007C069 /* MovieViewController.swift in Sources */,
				4D8CBF0420150DEE0007C069 /* MovieCell.swift in Sources */,
				4D8CBED620150C190007C069 /* AppDelegate.swift in Sources */,
				4D8CBF0C20150EDC0007C069 /* API.swift in Sources */,
			);
			runOnlyForDeploymentPostprocessing = 0;
		};
		4D8CBEE220150C190007C069 /* Sources */ = {
			isa = PBXSourcesBuildPhase;
			buildActionMask = 2147483647;
			files = (
				4D8CBEEB20150C190007C069 /* digischoolTests.swift in Sources */,
			);
			runOnlyForDeploymentPostprocessing = 0;
		};
/* End PBXSourcesBuildPhase section */

/* Begin PBXTargetDependency section */
		4D8CBEE820150C190007C069 /* PBXTargetDependency */ = {
			isa = PBXTargetDependency;
			target = 4D8CBED120150C190007C069 /* digischool */;
			targetProxy = 4D8CBEE720150C190007C069 /* PBXContainerItemProxy */;
		};
/* End PBXTargetDependency section */

/* Begin PBXVariantGroup section */
		4D8CBED920150C190007C069 /* Main.storyboard */ = {
			isa = PBXVariantGroup;
			children = (
				4D8CBEDA20150C190007C069 /* Base */,
			);
			name = Main.storyboard;
			sourceTree = "<group>";
		};
		4D8CBEDE20150C190007C069 /* LaunchScreen.storyboard */ = {
			isa = PBXVariantGroup;
			children = (
				4D8CBEDF20150C190007C069 /* Base */,
			);
			name = LaunchScreen.storyboard;
			sourceTree = "<group>";
		};
/* End PBXVariantGroup section */

/* Begin XCBuildConfiguration section */
		4D8CBEED20150C190007C069 /* Debug */ = {
			isa = XCBuildConfiguration;
			buildSettings = {
				ALWAYS_SEARCH_USER_PATHS = NO;
				CLANG_ANALYZER_NONNULL = YES;
				CLANG_ANALYZER_NUMBER_OBJECT_CONVERSION = YES_AGGRESSIVE;
				CLANG_CXX_LANGUAGE_STANDARD = "gnu++14";
				CLANG_CXX_LIBRARY = "libc++";
				CLANG_ENABLE_MODULES = YES;
				CLANG_ENABLE_OBJC_ARC = YES;
				CLANG_WARN_BLOCK_CAPTURE_AUTORELEASING = YES;
				CLANG_WARN_BOOL_CONVERSION = YES;
				CLANG_WARN_COMMA = YES;
				CLANG_WARN_CONSTANT_CONVERSION = YES;
				CLANG_WARN_DIRECT_OBJC_ISA_USAGE = YES_ERROR;
				CLANG_WARN_DOCUMENTATION_COMMENTS = YES;
				CLANG_WARN_EMPTY_BODY = YES;
				CLANG_WARN_ENUM_CONVERSION = YES;
				CLANG_WARN_INFINITE_RECURSION = YES;
				CLANG_WARN_INT_CONVERSION = YES;
				CLANG_WARN_NON_LITERAL_NULL_CONVERSION = YES;
				CLANG_WARN_OBJC_LITERAL_CONVERSION = YES;
				CLANG_WARN_OBJC_ROOT_CLASS = YES_ERROR;
				CLANG_WARN_RANGE_LOOP_ANALYSIS = YES;
				CLANG_WARN_STRICT_PROTOTYPES = YES;
				CLANG_WARN_SUSPICIOUS_MOVE = YES;
				CLANG_WARN_UNGUARDED_AVAILABILITY = YES_AGGRESSIVE;
				CLANG_WARN_UNREACHABLE_CODE = YES;
				CLANG_WARN__DUPLICATE_METHOD_MATCH = YES;
				CODE_SIGN_IDENTITY = "iPhone Developer";
				COPY_PHASE_STRIP = NO;
				DEBUG_INFORMATION_FORMAT = dwarf;
				ENABLE_STRICT_OBJC_MSGSEND = YES;
				ENABLE_TESTABILITY = YES;
				GCC_C_LANGUAGE_STANDARD = gnu11;
				GCC_DYNAMIC_NO_PIC = NO;
				GCC_NO_COMMON_BLOCKS = YES;
				GCC_OPTIMIZATION_LEVEL = 0;
				GCC_PREPROCESSOR_DEFINITIONS = (
					"DEBUG=1",
					"$(inherited)",
				);
				GCC_WARN_64_TO_32_BIT_CONVERSION = YES;
				GCC_WARN_ABOUT_RETURN_TYPE = YES_ERROR;
				GCC_WARN_UNDECLARED_SELECTOR = YES;
				GCC_WARN_UNINITIALIZED_AUTOS = YES_AGGRESSIVE;
				GCC_WARN_UNUSED_FUNCTION = YES;
				GCC_WARN_UNUSED_VARIABLE = YES;
				IPHONEOS_DEPLOYMENT_TARGET = 11.2;
				MTL_ENABLE_DEBUG_INFO = YES;
				ONLY_ACTIVE_ARCH = YES;
				SDKROOT = iphoneos;
				SWIFT_ACTIVE_COMPILATION_CONDITIONS = DEBUG;
				SWIFT_OPTIMIZATION_LEVEL = "-Onone";
			};
			name = Debug;
		};
		4D8CBEEE20150C190007C069 /* Release */ = {
			isa = XCBuildConfiguration;
			buildSettings = {
				ALWAYS_SEARCH_USER_PATHS = NO;
				CLANG_ANALYZER_NONNULL = YES;
				CLANG_ANALYZER_NUMBER_OBJECT_CONVERSION = YES_AGGRESSIVE;
				CLANG_CXX_LANGUAGE_STANDARD = "gnu++14";
				CLANG_CXX_LIBRARY = "libc++";
				CLANG_ENABLE_MODULES = YES;
				CLANG_ENABLE_OBJC_ARC = YES;
				CLANG_WARN_BLOCK_CAPTURE_AUTORELEASING = YES;
				CLANG_WARN_BOOL_CONVERSION = YES;
				CLANG_WARN_COMMA = YES;
				CLANG_WARN_CONSTANT_CONVERSION = YES;
				CLANG_WARN_DIRECT_OBJC_ISA_USAGE = YES_ERROR;
				CLANG_WARN_DOCUMENTATION_COMMENTS = YES;
				CLANG_WARN_EMPTY_BODY = YES;
				CLANG_WARN_ENUM_CONVERSION = YES;
				CLANG_WARN_INFINITE_RECURSION = YES;
				CLANG_WARN_INT_CONVERSION = YES;
				CLANG_WARN_NON_LITERAL_NULL_CONVERSION = YES;
				CLANG_WARN_OBJC_LITERAL_CONVERSION = YES;
				CLANG_WARN_OBJC_ROOT_CLASS = YES_ERROR;
				CLANG_WARN_RANGE_LOOP_ANALYSIS = YES;
				CLANG_WARN_STRICT_PROTOTYPES = YES;
				CLANG_WARN_SUSPICIOUS_MOVE = YES;
				CLANG_WARN_UNGUARDED_AVAILABILITY = YES_AGGRESSIVE;
				CLANG_WARN_UNREACHABLE_CODE = YES;
				CLANG_WARN__DUPLICATE_METHOD_MATCH = YES;
				CODE_SIGN_IDENTITY = "iPhone Developer";
				COPY_PHASE_STRIP = NO;
				DEBUG_INFORMATION_FORMAT = "dwarf-with-dsym";
				ENABLE_NS_ASSERTIONS = NO;
				ENABLE_STRICT_OBJC_MSGSEND = YES;
				GCC_C_LANGUAGE_STANDARD = gnu11;
				GCC_NO_COMMON_BLOCKS = YES;
				GCC_WARN_64_TO_32_BIT_CONVERSION = YES;
				GCC_WARN_ABOUT_RETURN_TYPE = YES_ERROR;
				GCC_WARN_UNDECLARED_SELECTOR = YES;
				GCC_WARN_UNINITIALIZED_AUTOS = YES_AGGRESSIVE;
				GCC_WARN_UNUSED_FUNCTION = YES;
				GCC_WARN_UNUSED_VARIABLE = YES;
				IPHONEOS_DEPLOYMENT_TARGET = 11.2;
				MTL_ENABLE_DEBUG_INFO = NO;
				SDKROOT = iphoneos;
				SWIFT_OPTIMIZATION_LEVEL = "-Owholemodule";
				VALIDATE_PRODUCT = YES;
			};
			name = Release;
		};
		4D8CBEF020150C190007C069 /* Debug */ = {
			isa = XCBuildConfiguration;
			baseConfigurationReference = 4C789E78C4F471DD9FDB4DEA /* Pods-digischool.debug.xcconfig */;
			buildSettings = {
				ASSETCATALOG_COMPILER_APPICON_NAME = AppIcon;
				CODE_SIGN_STYLE = Automatic;
				DEVELOPMENT_TEAM = EL5X43Y3RJ;
				INFOPLIST_FILE = "$(SRCROOT)/digischool/Resources/Info.plist";
				LD_RUNPATH_SEARCH_PATHS = "$(inherited) @executable_path/Frameworks";
				PRODUCT_BUNDLE_IDENTIFIER = sicardf.digischool;
				PRODUCT_NAME = "$(TARGET_NAME)";
				SWIFT_VERSION = 4.0;
				TARGETED_DEVICE_FAMILY = "1,2";
			};
			name = Debug;
		};
		4D8CBEF120150C190007C069 /* Release */ = {
			isa = XCBuildConfiguration;
			baseConfigurationReference = EB9A2A7AED9EF49310072D28 /* Pods-digischool.release.xcconfig */;
			buildSettings = {
				ASSETCATALOG_COMPILER_APPICON_NAME = AppIcon;
				CODE_SIGN_STYLE = Automatic;
				DEVELOPMENT_TEAM = EL5X43Y3RJ;
				INFOPLIST_FILE = "$(SRCROOT)/digischool/Resources/Info.plist";
				LD_RUNPATH_SEARCH_PATHS = "$(inherited) @executable_path/Frameworks";
				PRODUCT_BUNDLE_IDENTIFIER = sicardf.digischool;
				PRODUCT_NAME = "$(TARGET_NAME)";
				SWIFT_VERSION = 4.0;
				TARGETED_DEVICE_FAMILY = "1,2";
			};
			name = Release;
		};
		4D8CBEF320150C190007C069 /* Debug */ = {
			isa = XCBuildConfiguration;
			baseConfigurationReference = C507E9EFFAA98FE168A2945C /* Pods-digischoolTests.debug.xcconfig */;
			buildSettings = {
				ALWAYS_EMBED_SWIFT_STANDARD_LIBRARIES = YES;
				BUNDLE_LOADER = "$(TEST_HOST)";
				CODE_SIGN_STYLE = Automatic;
				DEVELOPMENT_TEAM = EL5X43Y3RJ;
				INFOPLIST_FILE = digischoolTests/Info.plist;
				LD_RUNPATH_SEARCH_PATHS = "$(inherited) @executable_path/Frameworks @loader_path/Frameworks";
				PRODUCT_BUNDLE_IDENTIFIER = sicardf.digischoolTests;
				PRODUCT_NAME = "$(TARGET_NAME)";
				SWIFT_VERSION = 4.0;
				TARGETED_DEVICE_FAMILY = "1,2";
				TEST_HOST = "$(BUILT_PRODUCTS_DIR)/digischool.app/digischool";
			};
			name = Debug;
		};
		4D8CBEF420150C190007C069 /* Release */ = {
			isa = XCBuildConfiguration;
			baseConfigurationReference = 3A7FAAAD50D8634E8B46F3C0 /* Pods-digischoolTests.release.xcconfig */;
			buildSettings = {
				ALWAYS_EMBED_SWIFT_STANDARD_LIBRARIES = YES;
				BUNDLE_LOADER = "$(TEST_HOST)";
				CODE_SIGN_STYLE = Automatic;
				DEVELOPMENT_TEAM = EL5X43Y3RJ;
				INFOPLIST_FILE = digischoolTests/Info.plist;
				LD_RUNPATH_SEARCH_PATHS = "$(inherited) @executable_path/Frameworks @loader_path/Frameworks";
				PRODUCT_BUNDLE_IDENTIFIER = sicardf.digischoolTests;
				PRODUCT_NAME = "$(TARGET_NAME)";
				SWIFT_VERSION = 4.0;
				TARGETED_DEVICE_FAMILY = "1,2";
				TEST_HOST = "$(BUILT_PRODUCTS_DIR)/digischool.app/digischool";
			};
			name = Release;
		};
/* End XCBuildConfiguration section */

/* Begin XCConfigurationList section */
		4D8CBECD20150C190007C069 /* Build configuration list for PBXProject "digischool" */ = {
			isa = XCConfigurationList;
			buildConfigurations = (
				4D8CBEED20150C190007C069 /* Debug */,
				4D8CBEEE20150C190007C069 /* Release */,
			);
			defaultConfigurationIsVisible = 0;
			defaultConfigurationName = Release;
		};
		4D8CBEEF20150C190007C069 /* Build configuration list for PBXNativeTarget "digischool" */ = {
			isa = XCConfigurationList;
			buildConfigurations = (
				4D8CBEF020150C190007C069 /* Debug */,
				4D8CBEF120150C190007C069 /* Release */,
			);
			defaultConfigurationIsVisible = 0;
			defaultConfigurationName = Release;
		};
		4D8CBEF220150C190007C069 /* Build configuration list for PBXNativeTarget "digischoolTests" */ = {
			isa = XCConfigurationList;
			buildConfigurations = (
				4D8CBEF320150C190007C069 /* Debug */,
				4D8CBEF420150C190007C069 /* Release */,
			);
			defaultConfigurationIsVisible = 0;
			defaultConfigurationName = Release;
		};
/* End XCConfigurationList section */
	};
	rootObject = 4D8CBECA20150C190007C069 /* Project object */;
}
